
Microsoft Visual Studio Solution File, Format Version 12.00
# Visual Studio 15
VisualStudioVersion = 15.0.28010.2016
MinimumVisualStudioVersion = 10.0.40219.1
Project("{FAE04EC0-301F-11D3-BF4B-00C04F79EFBC}") = "mvcMusicWebsite", "mvcMusicWebsite\mvcMusicWebsite.csproj", "{AF45BD3B-A965-452A-A353-0C9D624B3143}"
EndProject
Global
	GlobalSection(SolutionConfigurationPlatforms) = preSolution
		Debug|Any CPU = Debug|Any CPU
		Release|Any CPU = Release|Any CPU
	EndGlobalSection
	GlobalSection(ProjectConfigurationPlatforms) = postSolution
		{AF45BD3B-A965-452A-A353-0C9D624B3143}.Debug|Any CPU.ActiveCfg = Debug|Any CPU
		{AF45BD3B-A965-452A-A353-0C9D624B3143}.Debug|Any CPU.Build.0 = Debug|Any CPU
		{AF45BD3B-A965-452A-A353-0C9D624B3143}.Release|Any CPU.ActiveCfg = Release|Any CPU
		{AF45BD3B-A965-452A-A353-0C9D624B3143}.Release|Any CPU.Build.0 = Release|Any CPU
	EndGlobalSection
	GlobalSection(SolutionProperties) = preSolution
		HideSolutionNode = FALSE
	EndGlobalSection
	GlobalSection(ExtensibilityGlobals) = postSolution
		SolutionGuid = {C9194D3E-1BB1-4E7F-8761-BB8AA3981EE1}
	EndGlobalSection
EndGlobal
